
Microsoft Visual Studio Solution File, Format Version 12.00
# Visual Studio Version 17
VisualStudioVersion = 17.7.34031.279
MinimumVisualStudioVersion = 10.0.40219.1
Project("{FAE04EC0-301F-11D3-BF4B-00C04F79EFBC}") = "Labb6Arv", "Labb6Arv\Labb6Arv.csproj", "{413B50E9-221A-4867-815F-58C2195496FB}"
EndProject
Global
	GlobalSection(SolutionConfigurationPlatforms) = preSolution
		Debug|Any CPU = Debug|Any CPU
		Release|Any CPU = Release|Any CPU
	EndGlobalSection
	GlobalSection(ProjectConfigurationPlatforms) = postSolution
		{413B50E9-221A-4867-815F-58C2195496FB}.Debug|Any CPU.ActiveCfg = Debug|Any CPU
		{413B50E9-221A-4867-815F-58C2195496FB}.Debug|Any CPU.Build.0 = Debug|Any CPU
		{413B50E9-221A-4867-815F-58C2195496FB}.Release|Any CPU.ActiveCfg = Release|Any CPU
		{413B50E9-221A-4867-815F-58C2195496FB}.Release|Any CPU.Build.0 = Release|Any CPU
	EndGlobalSection
	GlobalSection(SolutionProperties) = preSolution
		HideSolutionNode = FALSE
	EndGlobalSection
	GlobalSection(ExtensibilityGlobals) = postSolution
		SolutionGuid = {74C2D87A-85E4-41C8-8A42-4E6C28017903}
	EndGlobalSection
EndGlobal
